
Microsoft Visual Studio Solution File, Format Version 12.00
# Visual Studio 15
VisualStudioVersion = 15.0.26228.9
MinimumVisualStudioVersion = 10.0.40219.1
Project("{FAE04EC0-301F-11D3-BF4B-00C04F79EFBC}") = "BCProject", "BCProject\BCProject.csproj", "{863CD12D-A980-428B-9B4A-7AF418CA724C}"
EndProject
Project("{FAE04EC0-301F-11D3-BF4B-00C04F79EFBC}") = "BCProjectUnitTest", "BCProjectTest\BCProjectUnitTest.csproj", "{728B5F7B-D7F6-406E-8E50-CCBAA58F256D}"
EndProject
Project("{FAE04EC0-301F-11D3-BF4B-00C04F79EFBC}") = "BCProjectIntegrationTest", "BCProjectIntegrationTest\BCProjectIntegrationTest.csproj", "{1BC26518-D174-4E12-8E7D-7685C66D29A3}"
EndProject
Global
	GlobalSection(SolutionConfigurationPlatforms) = preSolution
		Debug|Any CPU = Debug|Any CPU
		Release|Any CPU = Release|Any CPU
	EndGlobalSection
	GlobalSection(ProjectConfigurationPlatforms) = postSolution
		{863CD12D-A980-428B-9B4A-7AF418CA724C}.Debug|Any CPU.ActiveCfg = Debug|Any CPU
		{863CD12D-A980-428B-9B4A-7AF418CA724C}.Debug|Any CPU.Build.0 = Debug|Any CPU
		{863CD12D-A980-428B-9B4A-7AF418CA724C}.Release|Any CPU.ActiveCfg = Release|Any CPU
		{863CD12D-A980-428B-9B4A-7AF418CA724C}.Release|Any CPU.Build.0 = Release|Any CPU
		{728B5F7B-D7F6-406E-8E50-CCBAA58F256D}.Debug|Any CPU.ActiveCfg = Debug|Any CPU
		{728B5F7B-D7F6-406E-8E50-CCBAA58F256D}.Debug|Any CPU.Build.0 = Debug|Any CPU
		{728B5F7B-D7F6-406E-8E50-CCBAA58F256D}.Release|Any CPU.ActiveCfg = Release|Any CPU
		{728B5F7B-D7F6-406E-8E50-CCBAA58F256D}.Release|Any CPU.Build.0 = Release|Any CPU
		{1BC26518-D174-4E12-8E7D-7685C66D29A3}.Debug|Any CPU.ActiveCfg = Debug|Any CPU
		{1BC26518-D174-4E12-8E7D-7685C66D29A3}.Debug|Any CPU.Build.0 = Debug|Any CPU
		{1BC26518-D174-4E12-8E7D-7685C66D29A3}.Release|Any CPU.ActiveCfg = Release|Any CPU
		{1BC26518-D174-4E12-8E7D-7685C66D29A3}.Release|Any CPU.Build.0 = Release|Any CPU
	EndGlobalSection
	GlobalSection(SolutionProperties) = preSolution
		HideSolutionNode = FALSE
	EndGlobalSection
EndGlobal
